
Microsoft Visual Studio Solution File, Format Version 12.00
# Visual Studio Version 17
VisualStudioVersion = 17.4.33213.308
MinimumVisualStudioVersion = 10.0.40219.1
Project("{FAE04EC0-301F-11D3-BF4B-00C04F79EFBC}") = "LayiheConsolProject", "LayiheConsolProject\LayiheConsolProject.csproj", "{4EEE7674-FE9C-485A-8986-327688DAC0CF}"
EndProject
Global
	GlobalSection(SolutionConfigurationPlatforms) = preSolution
		Debug|Any CPU = Debug|Any CPU
		Release|Any CPU = Release|Any CPU
	EndGlobalSection
	GlobalSection(ProjectConfigurationPlatforms) = postSolution
		{4EEE7674-FE9C-485A-8986-327688DAC0CF}.Debug|Any CPU.ActiveCfg = Debug|Any CPU
		{4EEE7674-FE9C-485A-8986-327688DAC0CF}.Debug|Any CPU.Build.0 = Debug|Any CPU
		{4EEE7674-FE9C-485A-8986-327688DAC0CF}.Release|Any CPU.ActiveCfg = Release|Any CPU
		{4EEE7674-FE9C-485A-8986-327688DAC0CF}.Release|Any CPU.Build.0 = Release|Any CPU
	EndGlobalSection
	GlobalSection(SolutionProperties) = preSolution
		HideSolutionNode = FALSE
	EndGlobalSection
	GlobalSection(ExtensibilityGlobals) = postSolution
		SolutionGuid = {5F11F106-4B95-41B2-905A-B3B944126EDC}
	EndGlobalSection
EndGlobal
